<?xml version="1.0" encoding="utf-8"?>
<Project ToolsVersion="4.0" xmlns="http://schemas.microsoft.com/developer/msbuild/2003">
  <ItemGroup>
    <Filter Include="Source Files">
      <UniqueIdentifier>{4FC737F1-C7A5-4376-A066-2A32D752A2FF}</UniqueIdentifier>
      <Extensions>cpp;c;cc;cxx;c++;cppm;ixx;def;odl;idl;hpj;bat;asm;asmx</Extensions>
    </Filter>
    <Filter Include="Header Files">
      <UniqueIdentifier>{93995380-89BD-4b04-88EB-625FBE52EBFB}</UniqueIdentifier>
      <Extensions>h;hh;hpp;hxx;h++;hm;inl;inc;ipp;xsd</Extensions>
    </Filter>
    <Filter Include="Resource Files">
      <UniqueIdentifier>{67DA6AB6-F800-4c08-8B7A-83BB121AAD01}</UniqueIdentifier>
      <Extensions>rc;ico;cur;bmp;dlg;rc2;rct;bin;rgs;gif;jpg;jpeg;jpe;resx;tiff;tif;png;wav;mfcribbon-ms</Extensions>
    </Filter>
  </ItemGroup>
  <ItemGroup>
    <ClCompile Include="src\commands\Fundamentals.cpp">
      <Filter>Source Files</Filter>
    </ClCompile>
    <ClCompile Include="src\commands\General.cpp">
      <Filter>Source Files</Filter>
    </ClCompile>
    <ClCompile Include="src\commands\main.cpp">
      <Filter>Source Files</Filter>
    </ClCompile>
    <ClCompile Include="src\commands\Misc.cpp">
      <Filter>Source Files</Filter>
    </ClCompile>
    <ClCompile Include="src\commands\Moderation.cpp">
      <Filter>Source Files</Filter>
    </ClCompile>
    <ClCompile Include="src\commands\Player.cpp">
      <Filter>Source Files</Filter>
    </ClCompile>
    <ClCompile Include="src\commands\Settings.cpp">
      <Filter>Source Files</Filter>
    </ClCompile>
    <ClCompile Include="src\commands\TETRIO.cpp">
      <Filter>Source Files</Filter>
    </ClCompile>
    <ClCompile Include="src\commands\Tournament.cpp">
      <Filter>Source Files</Filter>
    </ClCompile>
    <ClCompile Include="src\core\CommandRegistry.cpp">
      <Filter>Source Files</Filter>
    </ClCompile>
    <ClCompile Include="src\core\Localization.cpp">
      <Filter>Source Files</Filter>
    </ClCompile>
    <ClCompile Include="src\core\Markdown.cpp">
      <Filter>Source Files</Filter>
    </ClCompile>
    <ClCompile Include="src\core\sqlite.cpp">
      <Filter>Source Files</Filter>
    </ClCompile>
    <ClCompile Include="src\core\api_fetcher.cpp">
      <Filter>Source Files</Filter>
    </ClCompile>
    <ClCompile Include="src\tetrio\TetrioService.cpp">
      <Filter>Source Files</Filter>
    </ClCompile>
    <ClCompile Include="src\tetrio\TetrioUtils.cpp">
      <Filter>Source Files</Filter>
    </ClCompile>
    <ClCompile Include="src\core\security\PermissionManager.cpp">
      <Filter>Source Files</Filter>
    </ClCompile>
    <ClCompile Include="src\core\security\SpamHoneypot.cpp">
      <Filter>Source Files</Filter>
    </ClCompile>
    <ClCompile Include="src\misc\sqlite-user.cpp">
      <Filter>Source Files</Filter>
    </ClCompile>
    <ClCompile Include="src\misc\isolated\youtube_randomizer.cpp">
      <Filter>Source Files</Filter>
    </ClCompile>
    <ClCompile Include="src\misc\trusted\mahjong\Module.cpp">
      <Filter>Source Files</Filter>
    </ClCompile>
    <ClCompile Include="src\tournament\bracket\Bracket.cpp">
      <Filter>Source Files</Filter>
    </ClCompile>
    <ClCompile Include="src\tournament\TournamentService.cpp">
      <Filter>Source Files</Filter>
    </ClCompile>
    <ClCompile Include="src\tournament\bracket\BracketGenerator.cpp">
      <Filter>Source Files</Filter>
    </ClCompile>
    <ClCompile Include="src\tournament\bracket\MatchStore.cpp">
      <Filter>Source Files</Filter>
    </ClCompile>
    <ClCompile Include="src\tournament\bracket\Ranking.cpp">
      <Filter>Source Files</Filter>
    </ClCompile>
    <ClCompile Include="src\tournament\discord\MatchThreads.cpp">
      <Filter>Source Files</Filter>
    </ClCompile>
    <ClCompile Include="src\tournament\manage.cpp">
      <Filter>Source Files</Filter>
    </ClCompile>
    <ClCompile Include="src\tournament\matchmaking.cpp">
      <Filter>Source Files</Filter>
    </ClCompile>
    <ClCompile Include="src\tournament\registration.cpp">
      <Filter>Source Files</Filter>
    </ClCompile>
    <ClCompile Include="src\tournament\ruleset.cpp">
      <Filter>Source Files</Filter>
    </ClCompile>
    <ClCompile Include="src\tournament\seeding.cpp">
      <Filter>Source Files</Filter>
    </ClCompile>
    <ClCompile Include="src\tournament\tetrio\triangle\RoomAutomation.cpp">
      <Filter>Source Files</Filter>
    </ClCompile>
    <ClCompile Include="src\tournament\utility\BracketSvg.cpp">
      <Filter>Source Files</Filter>
    </ClCompile>
  </ItemGroup>
  <ItemGroup>
    <ClInclude Include="include\commands\Discord_Commands.hpp">
      <Filter>Header Files</Filter>
    </ClInclude>
    <ClInclude Include="include\core\CommandRegistry.hpp">
      <Filter>Header Files</Filter>
    </ClInclude>
    <ClInclude Include="include\core\Config.hpp">
      <Filter>Header Files</Filter>
    </ClInclude>
    <ClInclude Include="include\core\Markdown.hpp">
      <Filter>Header Files</Filter>
    </ClInclude>
    <ClInclude Include="include\tournament\Tournaments.hpp">
      <Filter>Header Files</Filter>
    </ClInclude>
    <ClInclude Include="include\core\sqlite.hpp">
      <Filter>Header Files</Filter>
    </ClInclude>
    <ClInclude Include="include\core\Fundamentals.hpp">
      <Filter>Header Files</Filter>
    </ClInclude>
    <ClInclude Include="include\core\Log.hpp">
      <Filter>Header Files</Filter>
    </ClInclude>
    <ClInclude Include="include\core\Localization.hpp">
      <Filter>Header Files</Filter>
    </ClInclude>
    <ClInclude Include="include\core\api_fetcher.hpp">
      <Filter>Header Files</Filter>
    </ClInclude>
    <ClInclude Include="include\tetrio\TetrioService.hpp">
      <Filter>Header Files</Filter>
    </ClInclude>
    <ClInclude Include="include\tetrio\TetrioUtils.hpp">
      <Filter>Header Files</Filter>
    </ClInclude>
    <ClInclude Include="include\core\security\PermissionManager.hpp">
      <Filter>Header Files</Filter>
    </ClInclude>
    <ClInclude Include="include\core\security\SpamHoneypot.hpp">
      <Filter>Header Files</Filter>
    </ClInclude>
    <ClInclude Include="include\misc\sqlite-user.hpp">
      <Filter>Header Files</Filter>
    </ClInclude>
    <ClInclude Include="include\misc\isolated\youtube_randomizer.hpp">
      <Filter>Header Files</Filter>
    </ClInclude>
    <ClInclude Include="include\misc\trusted\mahjong\Module.hpp">
      <Filter>Header Files</Filter>
    </ClInclude>
    <ClInclude Include="include\tournament\bracket\Bracket.hpp">
      <Filter>Header Files</Filter>
    </ClInclude>
    <ClInclude Include="include\tournament\bracket\BracketGenerator.hpp">
      <Filter>Header Files</Filter>
    </ClInclude>
    <ClInclude Include="include\tournament\bracket\Match.hpp">
      <Filter>Header Files</Filter>
    </ClInclude>
    <ClInclude Include="include\tournament\bracket\MatchStore.hpp">
      <Filter>Header Files</Filter>
    </ClInclude>
    <ClInclude Include="include\tournament\bracket\Player.hpp">
      <Filter>Header Files</Filter>
    </ClInclude>
    <ClInclude Include="include\tournament\discord\MatchThreads.hpp">
      <Filter>Header Files</Filter>
    </ClInclude>
    <ClInclude Include="include\tournament\bracket\Ranking.hpp">
      <Filter>Header Files</Filter>
    </ClInclude>
    <ClInclude Include="include\tournament\manage.hpp">
      <Filter>Header Files</Filter>
    </ClInclude>
    <ClInclude Include="include\tournament\matchmaking.hpp">
      <Filter>Header Files</Filter>
    </ClInclude>
    <ClInclude Include="include\tournament\registration.hpp">
      <Filter>Header Files</Filter>
    </ClInclude>
    <ClInclude Include="include\tournament\ruleset.hpp">
      <Filter>Header Files</Filter>
    </ClInclude>
    <ClInclude Include="include\tournament\seeding.hpp">
      <Filter>Header Files</Filter>
    </ClInclude>
    <ClInclude Include="include\tournament\tournament\base.hpp">
      <Filter>Header Files</Filter>
    </ClInclude>
    <ClInclude Include="include\tournament\tournament\MatchRules.hpp">
      <Filter>Header Files</Filter>
    </ClInclude>
    <ClInclude Include="include\tournament\tetrio\triangle\RoomAutomation.hpp">
      <Filter>Header Files</Filter>
    </ClInclude>
    <ClInclude Include="include\tournament\utility\BracketSvg.hpp">
      <Filter>Header Files</Filter>
    </ClInclude>
  </ItemGroup>
  <ItemGroup>
    <None Include="resources\help\fundamentals\list.md">
      <Filter>Resource Files</Filter>
    </None>
    <None Include=".gitignore">
      <Filter>Resource Files</Filter>
    </None>
    <None Include="resources\help\fundamentals\info.md">
      <Filter>Resource Files</Filter>
    </None>
    <None Include="resources\help\fundamentals\ping.md">
      <Filter>Resource Files</Filter>
    </None>
    <None Include="resources\legal\privacy.md">
      <Filter>Resource Files</Filter>
    </None>
    <None Include="resources\legal\terms.md">
      <Filter>Resource Files</Filter>
    </None>
  </ItemGroup>
</Project>
